
Microsoft Visual Studio Solution File, Format Version 12.00
# Visual Studio Version 17
VisualStudioVersion = 17.11.35312.102
MinimumVisualStudioVersion = 10.0.40219.1
Project("{9A19103F-16F7-4668-BE54-9A1E7A4F7556}") = "NimbusProto2", "NimbusProto2\NimbusProto2.csproj", "{6C9B0654-9609-4340-AFA4-EE9C40214089}"
EndProject
Project("{9A19103F-16F7-4668-BE54-9A1E7A4F7556}") = "VFDO", "VFDO\VFDO.csproj", "{C67DB48D-855E-4AE2-A158-44A3C90B6C3D}"
EndProject
Global
	GlobalSection(SolutionConfigurationPlatforms) = preSolution
		Debug|Any CPU = Debug|Any CPU
		Release|Any CPU = Release|Any CPU
	EndGlobalSection
	GlobalSection(ProjectConfigurationPlatforms) = postSolution
		{6C9B0654-9609-4340-AFA4-EE9C40214089}.Debug|Any CPU.ActiveCfg = Debug|Any CPU
		{6C9B0654-9609-4340-AFA4-EE9C40214089}.Debug|Any CPU.Build.0 = Debug|Any CPU
		{6C9B0654-9609-4340-AFA4-EE9C40214089}.Release|Any CPU.ActiveCfg = Release|Any CPU
		{6C9B0654-9609-4340-AFA4-EE9C40214089}.Release|Any CPU.Build.0 = Release|Any CPU
		{C67DB48D-855E-4AE2-A158-44A3C90B6C3D}.Debug|Any CPU.ActiveCfg = Debug|Any CPU
		{C67DB48D-855E-4AE2-A158-44A3C90B6C3D}.Debug|Any CPU.Build.0 = Debug|Any CPU
		{C67DB48D-855E-4AE2-A158-44A3C90B6C3D}.Release|Any CPU.ActiveCfg = Release|Any CPU
		{C67DB48D-855E-4AE2-A158-44A3C90B6C3D}.Release|Any CPU.Build.0 = Release|Any CPU
	EndGlobalSection
	GlobalSection(SolutionProperties) = preSolution
		HideSolutionNode = FALSE
	EndGlobalSection
	GlobalSection(ExtensibilityGlobals) = postSolution
		SolutionGuid = {DD373365-DB68-4178-B426-FBD27A2A7DDD}
	EndGlobalSection
EndGlobal
